
Microsoft Visual Studio Solution File, Format Version 12.00
# Visual Studio Version 17
VisualStudioVersion = 17.8.34408.163
MinimumVisualStudioVersion = 10.0.40219.1
Project("{FAE04EC0-301F-11D3-BF4B-00C04F79EFBC}") = "PrcaticeForms", "PrcaticeForms\PrcaticeForms.csproj", "{60847828-E9FD-45BF-AB71-4E349161D938}"
EndProject
Project("{FAE04EC0-301F-11D3-BF4B-00C04F79EFBC}") = "Method", "Method\Method.csproj", "{3FABB53B-EF9A-4E35-960D-A90ABC6FB006}"
EndProject
Global
	GlobalSection(SolutionConfigurationPlatforms) = preSolution
		Debug|Any CPU = Debug|Any CPU
		Release|Any CPU = Release|Any CPU
	EndGlobalSection
	GlobalSection(ProjectConfigurationPlatforms) = postSolution
		{60847828-E9FD-45BF-AB71-4E349161D938}.Debug|Any CPU.ActiveCfg = Debug|Any CPU
		{60847828-E9FD-45BF-AB71-4E349161D938}.Debug|Any CPU.Build.0 = Debug|Any CPU
		{60847828-E9FD-45BF-AB71-4E349161D938}.Release|Any CPU.ActiveCfg = Release|Any CPU
		{60847828-E9FD-45BF-AB71-4E349161D938}.Release|Any CPU.Build.0 = Release|Any CPU
		{3FABB53B-EF9A-4E35-960D-A90ABC6FB006}.Debug|Any CPU.ActiveCfg = Debug|Any CPU
		{3FABB53B-EF9A-4E35-960D-A90ABC6FB006}.Debug|Any CPU.Build.0 = Debug|Any CPU
		{3FABB53B-EF9A-4E35-960D-A90ABC6FB006}.Release|Any CPU.ActiveCfg = Release|Any CPU
		{3FABB53B-EF9A-4E35-960D-A90ABC6FB006}.Release|Any CPU.Build.0 = Release|Any CPU
	EndGlobalSection
	GlobalSection(SolutionProperties) = preSolution
		HideSolutionNode = FALSE
	EndGlobalSection
	GlobalSection(ExtensibilityGlobals) = postSolution
		SolutionGuid = {083AF6D1-82BE-44FB-BB71-B950FF640677}
	EndGlobalSection
EndGlobal
